
Microsoft Visual Studio Solution File, Format Version 12.00
# Visual Studio Version 16
VisualStudioVersion = 16.0.30011.22
MinimumVisualStudioVersion = 10.0.40219.1
Project("{FAE04EC0-301F-11D3-BF4B-00C04F79EFBC}") = "LogicalPropositions", "LogicalPropositions\LogicalPropositions.csproj", "{3E3B8CC5-1CCB-4A54-BA39-9DE78AB6CF66}"
EndProject
Project("{FAE04EC0-301F-11D3-BF4B-00C04F79EFBC}") = "LogicalPropositions.UnitTests", "LogicalPropositions.UnitTests\LogicalPropositions.UnitTests.csproj", "{1CEDBB27-18CA-4F43-B7B0-D2A712473BEA}"
EndProject
Global
	GlobalSection(SolutionConfigurationPlatforms) = preSolution
		Debug|Any CPU = Debug|Any CPU
		Release|Any CPU = Release|Any CPU
	EndGlobalSection
	GlobalSection(ProjectConfigurationPlatforms) = postSolution
		{3E3B8CC5-1CCB-4A54-BA39-9DE78AB6CF66}.Debug|Any CPU.ActiveCfg = Debug|Any CPU
		{3E3B8CC5-1CCB-4A54-BA39-9DE78AB6CF66}.Debug|Any CPU.Build.0 = Debug|Any CPU
		{3E3B8CC5-1CCB-4A54-BA39-9DE78AB6CF66}.Release|Any CPU.ActiveCfg = Release|Any CPU
		{3E3B8CC5-1CCB-4A54-BA39-9DE78AB6CF66}.Release|Any CPU.Build.0 = Release|Any CPU
		{1CEDBB27-18CA-4F43-B7B0-D2A712473BEA}.Debug|Any CPU.ActiveCfg = Debug|Any CPU
		{1CEDBB27-18CA-4F43-B7B0-D2A712473BEA}.Debug|Any CPU.Build.0 = Debug|Any CPU
		{1CEDBB27-18CA-4F43-B7B0-D2A712473BEA}.Release|Any CPU.ActiveCfg = Release|Any CPU
		{1CEDBB27-18CA-4F43-B7B0-D2A712473BEA}.Release|Any CPU.Build.0 = Release|Any CPU
	EndGlobalSection
	GlobalSection(SolutionProperties) = preSolution
		HideSolutionNode = FALSE
	EndGlobalSection
	GlobalSection(ExtensibilityGlobals) = postSolution
		SolutionGuid = {E722FFEF-F869-4AA3-BB1B-F7545E06B9BF}
	EndGlobalSection
EndGlobal
